// !$*UTF8*$!
{
	archiveVersion = 1;
	classes = {
	};
	objectVersion = 48;
	objects = {

/* Begin PBXBuildFile section */
		BF31D4551FD562620049F4B1 /* AppDelegate.swift in Sources */ = {isa = PBXBuildFile; fileRef = BF31D4541FD562620049F4B1 /* AppDelegate.swift */; };
		BF31D4571FD562620049F4B1 /* ViewController.swift in Sources */ = {isa = PBXBuildFile; fileRef = BF31D4561FD562620049F4B1 /* ViewController.swift */; };
		BF31D45A1FD562620049F4B1 /* Main.storyboard in Resources */ = {isa = PBXBuildFile; fileRef = BF31D4581FD562620049F4B1 /* Main.storyboard */; };
		BF31D45C1FD562620049F4B1 /* Assets.xcassets in Resources */ = {isa = PBXBuildFile; fileRef = BF31D45B1FD562620049F4B1 /* Assets.xcassets */; };
		BF31D45F1FD562620049F4B1 /* LaunchScreen.storyboard in Resources */ = {isa = PBXBuildFile; fileRef = BF31D45D1FD562620049F4B1 /* LaunchScreen.storyboard */; };
		BF31D46A1FD562620049F4B1 /* Washington_Place_ExperienceTests.swift in Sources */ = {isa = PBXBuildFile; fileRef = BF31D4691FD562620049F4B1 /* Washington_Place_ExperienceTests.swift */; };
		BF31D4751FD562620049F4B1 /* Washington_Place_ExperienceUITests.swift in Sources */ = {isa = PBXBuildFile; fileRef = BF31D4741FD562620049F4B1 /* Washington_Place_ExperienceUITests.swift */; };
		BF875CD71FD815CA00DA4223 /* Roboto-MediumItalic.ttf in Resources */ = {isa = PBXBuildFile; fileRef = BF875CCB1FD815C100DA4223 /* Roboto-MediumItalic.ttf */; };
		BF875CD81FD815CA00DA4223 /* Roboto-Medium.ttf in Resources */ = {isa = PBXBuildFile; fileRef = BF875CCC1FD815C200DA4223 /* Roboto-Medium.ttf */; };
		BF875CDC1FD815CA00DA4223 /* Roboto-Regular.ttf in Resources */ = {isa = PBXBuildFile; fileRef = BF875CD01FD815C500DA4223 /* Roboto-Regular.ttf */; };
		BF875CDD1FD815CA00DA4223 /* Roboto-Thin.ttf in Resources */ = {isa = PBXBuildFile; fileRef = BF875CD11FD815C500DA4223 /* Roboto-Thin.ttf */; };
		BF875CDE1FD815CA00DA4223 /* Roboto-Light.ttf in Resources */ = {isa = PBXBuildFile; fileRef = BF875CD21FD815C600DA4223 /* Roboto-Light.ttf */; };
		BF875CDF1FD815CA00DA4223 /* Roboto-Italic.ttf in Resources */ = {isa = PBXBuildFile; fileRef = BF875CD31FD815C700DA4223 /* Roboto-Italic.ttf */; };
		BF875CE01FD815CA00DA4223 /* Roboto-BoldItalic.ttf in Resources */ = {isa = PBXBuildFile; fileRef = BF875CD41FD815C900DA4223 /* Roboto-BoldItalic.ttf */; };
		BF875CE11FD815CA00DA4223 /* Roboto-ThinItalic.ttf in Resources */ = {isa = PBXBuildFile; fileRef = BF875CD51FD815C900DA4223 /* Roboto-ThinItalic.ttf */; };
		BF875CE21FD815CA00DA4223 /* Roboto-LightItalic.ttf in Resources */ = {isa = PBXBuildFile; fileRef = BF875CD61FD815C900DA4223 /* Roboto-LightItalic.ttf */; };
		BF875CEA1FD8168800DA4223 /* PlayfairDisplay-BlackItalic.ttf in Resources */ = {isa = PBXBuildFile; fileRef = BF875CE41FD8168300DA4223 /* PlayfairDisplay-BlackItalic.ttf */; };
		BF875CEB1FD8168800DA4223 /* PlayfairDisplay-BoldItalic.ttf in Resources */ = {isa = PBXBuildFile; fileRef = BF875CE51FD8168400DA4223 /* PlayfairDisplay-BoldItalic.ttf */; };
		BF875CEC1FD8168800DA4223 /* PlayfairDisplay-Regular.ttf in Resources */ = {isa = PBXBuildFile; fileRef = BF875CE61FD8168500DA4223 /* PlayfairDisplay-Regular.ttf */; };
		BF875CED1FD8168800DA4223 /* PlayfairDisplay-Bold.ttf in Resources */ = {isa = PBXBuildFile; fileRef = BF875CE71FD8168600DA4223 /* PlayfairDisplay-Bold.ttf */; };
		BF875CEE1FD8168800DA4223 /* PlayfairDisplay-Italic.ttf in Resources */ = {isa = PBXBuildFile; fileRef = BF875CE81FD8168600DA4223 /* PlayfairDisplay-Italic.ttf */; };
		BF875CEF1FD8168800DA4223 /* PlayfairDisplay-Black.ttf in Resources */ = {isa = PBXBuildFile; fileRef = BF875CE91FD8168700DA4223 /* PlayfairDisplay-Black.ttf */; };
/* End PBXBuildFile section */

/* Begin PBXContainerItemProxy section */
		BF31D4661FD562620049F4B1 /* PBXContainerItemProxy */ = {
			isa = PBXContainerItemProxy;
			containerPortal = BF31D4491FD562620049F4B1 /* Project object */;
			proxyType = 1;
			remoteGlobalIDString = BF31D4501FD562620049F4B1;
			remoteInfo = "Washington Place Experience";
		};
		BF31D4711FD562620049F4B1 /* PBXContainerItemProxy */ = {
			isa = PBXContainerItemProxy;
			containerPortal = BF31D4491FD562620049F4B1 /* Project object */;
			proxyType = 1;
			remoteGlobalIDString = BF31D4501FD562620049F4B1;
			remoteInfo = "Washington Place Experience";
		};
/* End PBXContainerItemProxy section */

/* Begin PBXFileReference section */
		BF31D4511FD562620049F4B1 /* Washington Place Experience.app */ = {isa = PBXFileReference; explicitFileType = wrapper.application; includeInIndex = 0; path = "Washington Place Experience.app"; sourceTree = BUILT_PRODUCTS_DIR; };
		BF31D4541FD562620049F4B1 /* AppDelegate.swift */ = {isa = PBXFileReference; lastKnownFileType = sourcecode.swift; path = AppDelegate.swift; sourceTree = "<group>"; };
		BF31D4561FD562620049F4B1 /* ViewController.swift */ = {isa = PBXFileReference; lastKnownFileType = sourcecode.swift; path = ViewController.swift; sourceTree = "<group>"; };
		BF31D4591FD562620049F4B1 /* Base */ = {isa = PBXFileReference; lastKnownFileType = file.storyboard; name = Base; path = Base.lproj/Main.storyboard; sourceTree = "<group>"; };
		BF31D45B1FD562620049F4B1 /* Assets.xcassets */ = {isa = PBXFileReference; lastKnownFileType = folder.assetcatalog; path = Assets.xcassets; sourceTree = "<group>"; };
		BF31D45E1FD562620049F4B1 /* Base */ = {isa = PBXFileReference; lastKnownFileType = file.storyboard; name = Base; path = Base.lproj/LaunchScreen.storyboard; sourceTree = "<group>"; };
		BF31D4601FD562620049F4B1 /* Info.plist */ = {isa = PBXFileReference; lastKnownFileType = text.plist.xml; path = Info.plist; sourceTree = "<group>"; };
		BF31D4651FD562620049F4B1 /* Washington Place ExperienceTests.xctest */ = {isa = PBXFileReference; explicitFileType = wrapper.cfbundle; includeInIndex = 0; path = "Washington Place ExperienceTests.xctest"; sourceTree = BUILT_PRODUCTS_DIR; };
		BF31D4691FD562620049F4B1 /* Washington_Place_ExperienceTests.swift */ = {isa = PBXFileReference; lastKnownFileType = sourcecode.swift; path = Washington_Place_ExperienceTests.swift; sourceTree = "<group>"; };
		BF31D46B1FD562620049F4B1 /* Info.plist */ = {isa = PBXFileReference; lastKnownFileType = text.plist.xml; path = Info.plist; sourceTree = "<group>"; };
		BF31D4701FD562620049F4B1 /* Washington Place ExperienceUITests.xctest */ = {isa = PBXFileReference; explicitFileType = wrapper.cfbundle; includeInIndex = 0; path = "Washington Place ExperienceUITests.xctest"; sourceTree = BUILT_PRODUCTS_DIR; };
		BF31D4741FD562620049F4B1 /* Washington_Place_ExperienceUITests.swift */ = {isa = PBXFileReference; lastKnownFileType = sourcecode.swift; path = Washington_Place_ExperienceUITests.swift; sourceTree = "<group>"; };
		BF31D4761FD562620049F4B1 /* Info.plist */ = {isa = PBXFileReference; lastKnownFileType = text.plist.xml; path = Info.plist; sourceTree = "<group>"; };
		BF875CCB1FD815C100DA4223 /* Roboto-MediumItalic.ttf */ = {isa = PBXFileReference; lastKnownFileType = file; path = "Roboto-MediumItalic.ttf"; sourceTree = "<group>"; };
		BF875CCC1FD815C200DA4223 /* Roboto-Medium.ttf */ = {isa = PBXFileReference; lastKnownFileType = file; path = "Roboto-Medium.ttf"; sourceTree = "<group>"; };
		BF875CD01FD815C500DA4223 /* Roboto-Regular.ttf */ = {isa = PBXFileReference; lastKnownFileType = file; path = "Roboto-Regular.ttf"; sourceTree = "<group>"; };
		BF875CD11FD815C500DA4223 /* Roboto-Thin.ttf */ = {isa = PBXFileReference; lastKnownFileType = file; path = "Roboto-Thin.ttf"; sourceTree = "<group>"; };
		BF875CD21FD815C600DA4223 /* Roboto-Light.ttf */ = {isa = PBXFileReference; lastKnownFileType = file; path = "Roboto-Light.ttf"; sourceTree = "<group>"; };
		BF875CD31FD815C700DA4223 /* Roboto-Italic.ttf */ = {isa = PBXFileReference; lastKnownFileType = file; path = "Roboto-Italic.ttf"; sourceTree = "<group>"; };
		BF875CD41FD815C900DA4223 /* Roboto-BoldItalic.ttf */ = {isa = PBXFileReference; lastKnownFileType = file; path = "Roboto-BoldItalic.ttf"; sourceTree = "<group>"; };
		BF875CD51FD815C900DA4223 /* Roboto-ThinItalic.ttf */ = {isa = PBXFileReference; lastKnownFileType = file; path = "Roboto-ThinItalic.ttf"; sourceTree = "<group>"; };
		BF875CD61FD815C900DA4223 /* Roboto-LightItalic.ttf */ = {isa = PBXFileReference; lastKnownFileType = file; path = "Roboto-LightItalic.ttf"; sourceTree = "<group>"; };
		BF875CE41FD8168300DA4223 /* PlayfairDisplay-BlackItalic.ttf */ = {isa = PBXFileReference; lastKnownFileType = file; path = "PlayfairDisplay-BlackItalic.ttf"; sourceTree = "<group>"; };
		BF875CE51FD8168400DA4223 /* PlayfairDisplay-BoldItalic.ttf */ = {isa = PBXFileReference; lastKnownFileType = file; path = "PlayfairDisplay-BoldItalic.ttf"; sourceTree = "<group>"; };
		BF875CE61FD8168500DA4223 /* PlayfairDisplay-Regular.ttf */ = {isa = PBXFileReference; lastKnownFileType = file; path = "PlayfairDisplay-Regular.ttf"; sourceTree = "<group>"; };
		BF875CE71FD8168600DA4223 /* PlayfairDisplay-Bold.ttf */ = {isa = PBXFileReference; lastKnownFileType = file; path = "PlayfairDisplay-Bold.ttf"; sourceTree = "<group>"; };
		BF875CE81FD8168600DA4223 /* PlayfairDisplay-Italic.ttf */ = {isa = PBXFileReference; lastKnownFileType = file; path = "PlayfairDisplay-Italic.ttf"; sourceTree = "<group>"; };
		BF875CE91FD8168700DA4223 /* PlayfairDisplay-Black.ttf */ = {isa = PBXFileReference; lastKnownFileType = file; path = "PlayfairDisplay-Black.ttf"; sourceTree = "<group>"; };
/* End PBXFileReference section */

/* Begin PBXFrameworksBuildPhase section */
		BF31D44E1FD562620049F4B1 /* Frameworks */ = {
			isa = PBXFrameworksBuildPhase;
			buildActionMask = 2147483647;
			files = (
			);
			runOnlyForDeploymentPostprocessing = 0;
		};
		BF31D4621FD562620049F4B1 /* Frameworks */ = {
			isa = PBXFrameworksBuildPhase;
			buildActionMask = 2147483647;
			files = (
			);
			runOnlyForDeploymentPostprocessing = 0;
		};
		BF31D46D1FD562620049F4B1 /* Frameworks */ = {
			isa = PBXFrameworksBuildPhase;
			buildActionMask = 2147483647;
			files = (
			);
			runOnlyForDeploymentPostprocessing = 0;
		};
/* End PBXFrameworksBuildPhase section */

/* Begin PBXGroup section */
		BF31D4481FD562620049F4B1 = {
			isa = PBXGroup;
			children = (
				BF31D4531FD562620049F4B1 /* Washington Place Experience */,
				BF31D4681FD562620049F4B1 /* Washington Place ExperienceTests */,
				BF31D4731FD562620049F4B1 /* Washington Place ExperienceUITests */,
				BF31D4521FD562620049F4B1 /* Products */,
			);
			sourceTree = "<group>";
		};
		BF31D4521FD562620049F4B1 /* Products */ = {
			isa = PBXGroup;
			children = (
				BF31D4511FD562620049F4B1 /* Washington Place Experience.app */,
				BF31D4651FD562620049F4B1 /* Washington Place ExperienceTests.xctest */,
				BF31D4701FD562620049F4B1 /* Washington Place ExperienceUITests.xctest */,
			);
			name = Products;
			sourceTree = "<group>";
		};
		BF31D4531FD562620049F4B1 /* Washington Place Experience */ = {
			isa = PBXGroup;
			children = (
				BF31D4541FD562620049F4B1 /* AppDelegate.swift */,
				BF31D4561FD562620049F4B1 /* ViewController.swift */,
				BF31D4581FD562620049F4B1 /* Main.storyboard */,
				BF31D45B1FD562620049F4B1 /* Assets.xcassets */,
				BF875CE31FD815DE00DA4223 /* Fonts */,
				BF31D45D1FD562620049F4B1 /* LaunchScreen.storyboard */,
				BF31D4601FD562620049F4B1 /* Info.plist */,
			);
			path = "Washington Place Experience";
			sourceTree = "<group>";
		};
		BF31D4681FD562620049F4B1 /* Washington Place ExperienceTests */ = {
			isa = PBXGroup;
			children = (
				BF31D4691FD562620049F4B1 /* Washington_Place_ExperienceTests.swift */,
				BF31D46B1FD562620049F4B1 /* Info.plist */,
			);
			path = "Washington Place ExperienceTests";
			sourceTree = "<group>";
		};
		BF31D4731FD562620049F4B1 /* Washington Place ExperienceUITests */ = {
			isa = PBXGroup;
			children = (
				BF31D4741FD562620049F4B1 /* Washington_Place_ExperienceUITests.swift */,
				BF31D4761FD562620049F4B1 /* Info.plist */,
			);
			path = "Washington Place ExperienceUITests";
			sourceTree = "<group>";
		};
		BF875CE31FD815DE00DA4223 /* Fonts */ = {
			isa = PBXGroup;
			children = (
				BF875CE91FD8168700DA4223 /* PlayfairDisplay-Black.ttf */,
				BF875CE41FD8168300DA4223 /* PlayfairDisplay-BlackItalic.ttf */,
				BF875CE71FD8168600DA4223 /* PlayfairDisplay-Bold.ttf */,
				BF875CE51FD8168400DA4223 /* PlayfairDisplay-BoldItalic.ttf */,
				BF875CE81FD8168600DA4223 /* PlayfairDisplay-Italic.ttf */,
				BF875CE61FD8168500DA4223 /* PlayfairDisplay-Regular.ttf */,
				BF875CD41FD815C900DA4223 /* Roboto-BoldItalic.ttf */,
				BF875CD31FD815C700DA4223 /* Roboto-Italic.ttf */,
				BF875CD61FD815C900DA4223 /* Roboto-LightItalic.ttf */,
				BF875CCC1FD815C200DA4223 /* Roboto-Medium.ttf */,
				BF875CCB1FD815C100DA4223 /* Roboto-MediumItalic.ttf */,
				BF875CD01FD815C500DA4223 /* Roboto-Regular.ttf */,
				BF875CD11FD815C500DA4223 /* Roboto-Thin.ttf */,
				BF875CD51FD815C900DA4223 /* Roboto-ThinItalic.ttf */,
				BF875CD21FD815C600DA4223 /* Roboto-Light.ttf */,
			);
			path = Fonts;
			sourceTree = "<group>";
		};
/* End PBXGroup section */

/* Begin PBXNativeTarget section */
		BF31D4501FD562620049F4B1 /* Washington Place Experience */ = {
			isa = PBXNativeTarget;
			buildConfigurationList = BF31D4791FD562620049F4B1 /* Build configuration list for PBXNativeTarget "Washington Place Experience" */;
			buildPhases = (
				BF31D44D1FD562620049F4B1 /* Sources */,
				BF31D44E1FD562620049F4B1 /* Frameworks */,
				BF31D44F1FD562620049F4B1 /* Resources */,
			);
			buildRules = (
			);
			dependencies = (
			);
			name = "Washington Place Experience";
			productName = "Washington Place Experience";
			productReference = BF31D4511FD562620049F4B1 /* Washington Place Experience.app */;
			productType = "com.apple.product-type.application";
		};
		BF31D4641FD562620049F4B1 /* Washington Place ExperienceTests */ = {
			isa = PBXNativeTarget;
			buildConfigurationList = BF31D47C1FD562620049F4B1 /* Build configuration list for PBXNativeTarget "Washington Place ExperienceTests" */;
			buildPhases = (
				BF31D4611FD562620049F4B1 /* Sources */,
				BF31D4621FD562620049F4B1 /* Frameworks */,
				BF31D4631FD562620049F4B1 /* Resources */,
			);
			buildRules = (
			);
			dependencies = (
				BF31D4671FD562620049F4B1 /* PBXTargetDependency */,
			);
			name = "Washington Place ExperienceTests";
			productName = "Washington Place ExperienceTests";
			productReference = BF31D4651FD562620049F4B1 /* Washington Place ExperienceTests.xctest */;
			productType = "com.apple.product-type.bundle.unit-test";
		};
		BF31D46F1FD562620049F4B1 /* Washington Place ExperienceUITests */ = {
			isa = PBXNativeTarget;
			buildConfigurationList = BF31D47F1FD562620049F4B1 /* Build configuration list for PBXNativeTarget "Washington Place ExperienceUITests" */;
			buildPhases = (
				BF31D46C1FD562620049F4B1 /* Sources */,
				BF31D46D1FD562620049F4B1 /* Frameworks */,
				BF31D46E1FD562620049F4B1 /* Resources */,
			);
			buildRules = (
			);
			dependencies = (
				BF31D4721FD562620049F4B1 /* PBXTargetDependency */,
			);
			name = "Washington Place ExperienceUITests";
			productName = "Washington Place ExperienceUITests";
			productReference = BF31D4701FD562620049F4B1 /* Washington Place ExperienceUITests.xctest */;
			productType = "com.apple.product-type.bundle.ui-testing";
		};
/* End PBXNativeTarget section */

/* Begin PBXProject section */
		BF31D4491FD562620049F4B1 /* Project object */ = {
			isa = PBXProject;
			attributes = {
				LastSwiftUpdateCheck = 0910;
				LastUpgradeCheck = 0910;
				ORGANIZATIONNAME = "Analyn Delos Santos";
				TargetAttributes = {
					BF31D4501FD562620049F4B1 = {
						CreatedOnToolsVersion = 9.1;
						ProvisioningStyle = Automatic;
					};
					BF31D4641FD562620049F4B1 = {
						CreatedOnToolsVersion = 9.1;
						ProvisioningStyle = Automatic;
						TestTargetID = BF31D4501FD562620049F4B1;
					};
					BF31D46F1FD562620049F4B1 = {
						CreatedOnToolsVersion = 9.1;
						ProvisioningStyle = Automatic;
						TestTargetID = BF31D4501FD562620049F4B1;
					};
				};
			};
			buildConfigurationList = BF31D44C1FD562620049F4B1 /* Build configuration list for PBXProject "Washington Place Experience" */;
			compatibilityVersion = "Xcode 8.0";
			developmentRegion = en;
			hasScannedForEncodings = 0;
			knownRegions = (
				en,
				Base,
			);
			mainGroup = BF31D4481FD562620049F4B1;
			productRefGroup = BF31D4521FD562620049F4B1 /* Products */;
			projectDirPath = "";
			projectRoot = "";
			targets = (
				BF31D4501FD562620049F4B1 /* Washington Place Experience */,
				BF31D4641FD562620049F4B1 /* Washington Place ExperienceTests */,
				BF31D46F1FD562620049F4B1 /* Washington Place ExperienceUITests */,
			);
		};
/* End PBXProject section */

/* Begin PBXResourcesBuildPhase section */
		BF31D44F1FD562620049F4B1 /* Resources */ = {
			isa = PBXResourcesBuildPhase;
			buildActionMask = 2147483647;
			files = (
				BF875CED1FD8168800DA4223 /* PlayfairDisplay-Bold.ttf in Resources */,
				BF875CD81FD815CA00DA4223 /* Roboto-Medium.ttf in Resources */,
				BF875CDF1FD815CA00DA4223 /* Roboto-Italic.ttf in Resources */,
				BF875CE21FD815CA00DA4223 /* Roboto-LightItalic.ttf in Resources */,
				BF875CEE1FD8168800DA4223 /* PlayfairDisplay-Italic.ttf in Resources */,
				BF875CD71FD815CA00DA4223 /* Roboto-MediumItalic.ttf in Resources */,
				BF875CE01FD815CA00DA4223 /* Roboto-BoldItalic.ttf in Resources */,
				BF875CEC1FD8168800DA4223 /* PlayfairDisplay-Regular.ttf in Resources */,
				BF875CDE1FD815CA00DA4223 /* Roboto-Light.ttf in Resources */,
				BF875CEB1FD8168800DA4223 /* PlayfairDisplay-BoldItalic.ttf in Resources */,
				BF31D45F1FD562620049F4B1 /* LaunchScreen.storyboard in Resources */,
				BF875CEA1FD8168800DA4223 /* PlayfairDisplay-BlackItalic.ttf in Resources */,
				BF875CDC1FD815CA00DA4223 /* Roboto-Regular.ttf in Resources */,
				BF875CE11FD815CA00DA4223 /* Roboto-ThinItalic.ttf in Resources */,
				BF31D45C1FD562620049F4B1 /* Assets.xcassets in Resources */,
				BF875CDD1FD815CA00DA4223 /* Roboto-Thin.ttf in Resources */,
				BF31D45A1FD562620049F4B1 /* Main.storyboard in Resources */,
				BF875CEF1FD8168800DA4223 /* PlayfairDisplay-Black.ttf in Resources */,
			);
			runOnlyForDeploymentPostprocessing = 0;
		};
		BF31D4631FD562620049F4B1 /* Resources */ = {
			isa = PBXResourcesBuildPhase;
			buildActionMask = 2147483647;
			files = (
			);
			runOnlyForDeploymentPostprocessing = 0;
		};
		BF31D46E1FD562620049F4B1 /* Resources */ = {
			isa = PBXResourcesBuildPhase;
			buildActionMask = 2147483647;
			files = (
			);
			runOnlyForDeploymentPostprocessing = 0;
		};
/* End PBXResourcesBuildPhase section */

/* Begin PBXSourcesBuildPhase section */
		BF31D44D1FD562620049F4B1 /* Sources */ = {
			isa = PBXSourcesBuildPhase;
			buildActionMask = 2147483647;
			files = (
				BF31D4571FD562620049F4B1 /* ViewController.swift in Sources */,
				BF31D4551FD562620049F4B1 /* AppDelegate.swift in Sources */,
			);
			runOnlyForDeploymentPostprocessing = 0;
		};
		BF31D4611FD562620049F4B1 /* Sources */ = {
			isa = PBXSourcesBuildPhase;
			buildActionMask = 2147483647;
			files = (
				BF31D46A1FD562620049F4B1 /* Washington_Place_ExperienceTests.swift in Sources */,
			);
			runOnlyForDeploymentPostprocessing = 0;
		};
		BF31D46C1FD562620049F4B1 /* Sources */ = {
			isa = PBXSourcesBuildPhase;
			buildActionMask = 2147483647;
			files = (
				BF31D4751FD562620049F4B1 /* Washington_Place_ExperienceUITests.swift in Sources */,
			);
			runOnlyForDeploymentPostprocessing = 0;
		};
/* End PBXSourcesBuildPhase section */

/* Begin PBXTargetDependency section */
		BF31D4671FD562620049F4B1 /* PBXTargetDependency */ = {
			isa = PBXTargetDependency;
			target = BF31D4501FD562620049F4B1 /* Washington Place Experience */;
			targetProxy = BF31D4661FD562620049F4B1 /* PBXContainerItemProxy */;
		};
		BF31D4721FD562620049F4B1 /* PBXTargetDependency */ = {
			isa = PBXTargetDependency;
			target = BF31D4501FD562620049F4B1 /* Washington Place Experience */;
			targetProxy = BF31D4711FD562620049F4B1 /* PBXContainerItemProxy */;
		};
/* End PBXTargetDependency section */

/* Begin PBXVariantGroup section */
		BF31D4581FD562620049F4B1 /* Main.storyboard */ = {
			isa = PBXVariantGroup;
			children = (
				BF31D4591FD562620049F4B1 /* Base */,
			);
			name = Main.storyboard;
			sourceTree = "<group>";
		};
		BF31D45D1FD562620049F4B1 /* LaunchScreen.storyboard */ = {
			isa = PBXVariantGroup;
			children = (
				BF31D45E1FD562620049F4B1 /* Base */,
			);
			name = LaunchScreen.storyboard;
			sourceTree = "<group>";
		};
/* End PBXVariantGroup section */

/* Begin XCBuildConfiguration section */
		BF31D4771FD562620049F4B1 /* Debug */ = {
			isa = XCBuildConfiguration;
			buildSettings = {
				ALWAYS_SEARCH_USER_PATHS = NO;
				CLANG_ANALYZER_NONNULL = YES;
				CLANG_ANALYZER_NUMBER_OBJECT_CONVERSION = YES_AGGRESSIVE;
				CLANG_CXX_LANGUAGE_STANDARD = "gnu++14";
				CLANG_CXX_LIBRARY = "libc++";
				CLANG_ENABLE_MODULES = YES;
				CLANG_ENABLE_OBJC_ARC = YES;
				CLANG_WARN_BLOCK_CAPTURE_AUTORELEASING = YES;
				CLANG_WARN_BOOL_CONVERSION = YES;
				CLANG_WARN_COMMA = YES;
				CLANG_WARN_CONSTANT_CONVERSION = YES;
				CLANG_WARN_DIRECT_OBJC_ISA_USAGE = YES_ERROR;
				CLANG_WARN_DOCUMENTATION_COMMENTS = YES;
				CLANG_WARN_EMPTY_BODY = YES;
				CLANG_WARN_ENUM_CONVERSION = YES;
				CLANG_WARN_INFINITE_RECURSION = YES;
				CLANG_WARN_INT_CONVERSION = YES;
				CLANG_WARN_NON_LITERAL_NULL_CONVERSION = YES;
				CLANG_WARN_OBJC_LITERAL_CONVERSION = YES;
				CLANG_WARN_OBJC_ROOT_CLASS = YES_ERROR;
				CLANG_WARN_RANGE_LOOP_ANALYSIS = YES;
				CLANG_WARN_STRICT_PROTOTYPES = YES;
				CLANG_WARN_SUSPICIOUS_MOVE = YES;
				CLANG_WARN_UNGUARDED_AVAILABILITY = YES_AGGRESSIVE;
				CLANG_WARN_UNREACHABLE_CODE = YES;
				CLANG_WARN__DUPLICATE_METHOD_MATCH = YES;
				CODE_SIGN_IDENTITY = "iPhone Developer";
				COPY_PHASE_STRIP = NO;
				DEBUG_INFORMATION_FORMAT = dwarf;
				ENABLE_STRICT_OBJC_MSGSEND = YES;
				ENABLE_TESTABILITY = YES;
				GCC_C_LANGUAGE_STANDARD = gnu11;
				GCC_DYNAMIC_NO_PIC = NO;
				GCC_NO_COMMON_BLOCKS = YES;
				GCC_OPTIMIZATION_LEVEL = 0;
				GCC_PREPROCESSOR_DEFINITIONS = (
					"DEBUG=1",
					"$(inherited)",
				);
				GCC_WARN_64_TO_32_BIT_CONVERSION = YES;
				GCC_WARN_ABOUT_RETURN_TYPE = YES_ERROR;
				GCC_WARN_UNDECLARED_SELECTOR = YES;
				GCC_WARN_UNINITIALIZED_AUTOS = YES_AGGRESSIVE;
				GCC_WARN_UNUSED_FUNCTION = YES;
				GCC_WARN_UNUSED_VARIABLE = YES;
				IPHONEOS_DEPLOYMENT_TARGET = 11.1;
				MTL_ENABLE_DEBUG_INFO = YES;
				ONLY_ACTIVE_ARCH = YES;
				SDKROOT = iphoneos;
				SWIFT_ACTIVE_COMPILATION_CONDITIONS = DEBUG;
				SWIFT_OPTIMIZATION_LEVEL = "-Onone";
			};
			name = Debug;
		};
		BF31D4781FD562620049F4B1 /* Release */ = {
			isa = XCBuildConfiguration;
			buildSettings = {
				ALWAYS_SEARCH_USER_PATHS = NO;
				CLANG_ANALYZER_NONNULL = YES;
				CLANG_ANALYZER_NUMBER_OBJECT_CONVERSION = YES_AGGRESSIVE;
				CLANG_CXX_LANGUAGE_STANDARD = "gnu++14";
				CLANG_CXX_LIBRARY = "libc++";
				CLANG_ENABLE_MODULES = YES;
				CLANG_ENABLE_OBJC_ARC = YES;
				CLANG_WARN_BLOCK_CAPTURE_AUTORELEASING = YES;
				CLANG_WARN_BOOL_CONVERSION = YES;
				CLANG_WARN_COMMA = YES;
				CLANG_WARN_CONSTANT_CONVERSION = YES;
				CLANG_WARN_DIRECT_OBJC_ISA_USAGE = YES_ERROR;
				CLANG_WARN_DOCUMENTATION_COMMENTS = YES;
				CLANG_WARN_EMPTY_BODY = YES;
				CLANG_WARN_ENUM_CONVERSION = YES;
				CLANG_WARN_INFINITE_RECURSION = YES;
				CLANG_WARN_INT_CONVERSION = YES;
				CLANG_WARN_NON_LITERAL_NULL_CONVERSION = YES;
				CLANG_WARN_OBJC_LITERAL_CONVERSION = YES;
				CLANG_WARN_OBJC_ROOT_CLASS = YES_ERROR;
				CLANG_WARN_RANGE_LOOP_ANALYSIS = YES;
				CLANG_WARN_STRICT_PROTOTYPES = YES;
				CLANG_WARN_SUSPICIOUS_MOVE = YES;
				CLANG_WARN_UNGUARDED_AVAILABILITY = YES_AGGRESSIVE;
				CLANG_WARN_UNREACHABLE_CODE = YES;
				CLANG_WARN__DUPLICATE_METHOD_MATCH = YES;
				CODE_SIGN_IDENTITY = "iPhone Developer";
				COPY_PHASE_STRIP = NO;
				DEBUG_INFORMATION_FORMAT = "dwarf-with-dsym";
				ENABLE_NS_ASSERTIONS = NO;
				ENABLE_STRICT_OBJC_MSGSEND = YES;
				GCC_C_LANGUAGE_STANDARD = gnu11;
				GCC_NO_COMMON_BLOCKS = YES;
				GCC_WARN_64_TO_32_BIT_CONVERSION = YES;
				GCC_WARN_ABOUT_RETURN_TYPE = YES_ERROR;
				GCC_WARN_UNDECLARED_SELECTOR = YES;
				GCC_WARN_UNINITIALIZED_AUTOS = YES_AGGRESSIVE;
				GCC_WARN_UNUSED_FUNCTION = YES;
				GCC_WARN_UNUSED_VARIABLE = YES;
				IPHONEOS_DEPLOYMENT_TARGET = 11.1;
				MTL_ENABLE_DEBUG_INFO = NO;
				SDKROOT = iphoneos;
				SWIFT_OPTIMIZATION_LEVEL = "-Owholemodule";
				VALIDATE_PRODUCT = YES;
			};
			name = Release;
		};
		BF31D47A1FD562620049F4B1 /* Debug */ = {
			isa = XCBuildConfiguration;
			buildSettings = {
				ASSETCATALOG_COMPILER_APPICON_NAME = AppIcon;
				CODE_SIGN_IDENTITY = "iPhone Developer";
				"CODE_SIGN_IDENTITY[sdk=iphoneos*]" = "iPhone Developer";
				CODE_SIGN_STYLE = Automatic;
				DEVELOPMENT_TEAM = Q84FNGG6F5;
				INFOPLIST_FILE = "Washington Place Experience/Info.plist";
				IPHONEOS_DEPLOYMENT_TARGET = 9.0;
				LD_RUNPATH_SEARCH_PATHS = "$(inherited) @executable_path/Frameworks";
				PRODUCT_BUNDLE_IDENTIFIER = "com.mcaowhu.Washington-Place-Experience";
				PRODUCT_NAME = "$(TARGET_NAME)";
				PROVISIONING_PROFILE_SPECIFIER = "";
				SWIFT_VERSION = 4.0;
				TARGETED_DEVICE_FAMILY = "1,2";
			};
			name = Debug;
		};
		BF31D47B1FD562620049F4B1 /* Release */ = {
			isa = XCBuildConfiguration;
			buildSettings = {
				ASSETCATALOG_COMPILER_APPICON_NAME = AppIcon;
				CODE_SIGN_IDENTITY = "iPhone Developer";
				"CODE_SIGN_IDENTITY[sdk=iphoneos*]" = "iPhone Developer";
				CODE_SIGN_STYLE = Automatic;
				DEVELOPMENT_TEAM = Q84FNGG6F5;
				INFOPLIST_FILE = "Washington Place Experience/Info.plist";
				IPHONEOS_DEPLOYMENT_TARGET = 9.0;
				LD_RUNPATH_SEARCH_PATHS = "$(inherited) @executable_path/Frameworks";
				PRODUCT_BUNDLE_IDENTIFIER = "com.mcaowhu.Washington-Place-Experience";
				PRODUCT_NAME = "$(TARGET_NAME)";
				PROVISIONING_PROFILE_SPECIFIER = "";
				SWIFT_VERSION = 4.0;
				TARGETED_DEVICE_FAMILY = "1,2";
			};
			name = Release;
		};
		BF31D47D1FD562620049F4B1 /* Debug */ = {
			isa = XCBuildConfiguration;
			buildSettings = {
				ALWAYS_EMBED_SWIFT_STANDARD_LIBRARIES = YES;
				BUNDLE_LOADER = "$(TEST_HOST)";
				"CODE_SIGN_IDENTITY[sdk=iphoneos*]" = "iPhone Developer";
				CODE_SIGN_STYLE = Automatic;
				DEVELOPMENT_TEAM = ES5NZ46N6H;
				INFOPLIST_FILE = "Washington Place ExperienceTests/Info.plist";
				LD_RUNPATH_SEARCH_PATHS = "$(inherited) @executable_path/Frameworks @loader_path/Frameworks";
				PRODUCT_BUNDLE_IDENTIFIER = "uhwoacm.Washington-Place-ExperienceTests";
				PRODUCT_NAME = "$(TARGET_NAME)";
				PROVISIONING_PROFILE_SPECIFIER = "";
				SWIFT_VERSION = 4.0;
				TARGETED_DEVICE_FAMILY = "1,2";
				TEST_HOST = "$(BUILT_PRODUCTS_DIR)/Washington Place Experience.app/Washington Place Experience";
			};
			name = Debug;
		};
		BF31D47E1FD562620049F4B1 /* Release */ = {
			isa = XCBuildConfiguration;
			buildSettings = {
				ALWAYS_EMBED_SWIFT_STANDARD_LIBRARIES = YES;
				BUNDLE_LOADER = "$(TEST_HOST)";
				"CODE_SIGN_IDENTITY[sdk=iphoneos*]" = "iPhone Developer";
				CODE_SIGN_STYLE = Automatic;
				DEVELOPMENT_TEAM = ES5NZ46N6H;
				INFOPLIST_FILE = "Washington Place ExperienceTests/Info.plist";
				LD_RUNPATH_SEARCH_PATHS = "$(inherited) @executable_path/Frameworks @loader_path/Frameworks";
				PRODUCT_BUNDLE_IDENTIFIER = "uhwoacm.Washington-Place-ExperienceTests";
				PRODUCT_NAME = "$(TARGET_NAME)";
				PROVISIONING_PROFILE_SPECIFIER = "";
				SWIFT_VERSION = 4.0;
				TARGETED_DEVICE_FAMILY = "1,2";
				TEST_HOST = "$(BUILT_PRODUCTS_DIR)/Washington Place Experience.app/Washington Place Experience";
			};
			name = Release;
		};
		BF31D4801FD562620049F4B1 /* Debug */ = {
			isa = XCBuildConfiguration;
			buildSettings = {
				ALWAYS_EMBED_SWIFT_STANDARD_LIBRARIES = YES;
				"CODE_SIGN_IDENTITY[sdk=iphoneos*]" = "iPhone Developer";
				CODE_SIGN_STYLE = Automatic;
				DEVELOPMENT_TEAM = ES5NZ46N6H;
				INFOPLIST_FILE = "Washington Place ExperienceUITests/Info.plist";
				LD_RUNPATH_SEARCH_PATHS = "$(inherited) @executable_path/Frameworks @loader_path/Frameworks";
				PRODUCT_BUNDLE_IDENTIFIER = "uhwoacm.Washington-Place-ExperienceUITests";
				PRODUCT_NAME = "$(TARGET_NAME)";
				PROVISIONING_PROFILE_SPECIFIER = "";
				SWIFT_VERSION = 4.0;
				TARGETED_DEVICE_FAMILY = "1,2";
				TEST_TARGET_NAME = "Washington Place Experience";
			};
			name = Debug;
		};
		BF31D4811FD562620049F4B1 /* Release */ = {
			isa = XCBuildConfiguration;
			buildSettings = {
				ALWAYS_EMBED_SWIFT_STANDARD_LIBRARIES = YES;
				"CODE_SIGN_IDENTITY[sdk=iphoneos*]" = "iPhone Developer";
				CODE_SIGN_STYLE = Automatic;
				DEVELOPMENT_TEAM = ES5NZ46N6H;
				INFOPLIST_FILE = "Washington Place ExperienceUITests/Info.plist";
				LD_RUNPATH_SEARCH_PATHS = "$(inherited) @executable_path/Frameworks @loader_path/Frameworks";
				PRODUCT_BUNDLE_IDENTIFIER = "uhwoacm.Washington-Place-ExperienceUITests";
				PRODUCT_NAME = "$(TARGET_NAME)";
				PROVISIONING_PROFILE_SPECIFIER = "";
				SWIFT_VERSION = 4.0;
				TARGETED_DEVICE_FAMILY = "1,2";
				TEST_TARGET_NAME = "Washington Place Experience";
			};
			name = Release;
		};
/* End XCBuildConfiguration section */

/* Begin XCConfigurationList section */
		BF31D44C1FD562620049F4B1 /* Build configuration list for PBXProject "Washington Place Experience" */ = {
			isa = XCConfigurationList;
			buildConfigurations = (
				BF31D4771FD562620049F4B1 /* Debug */,
				BF31D4781FD562620049F4B1 /* Release */,
			);
			defaultConfigurationIsVisible = 0;
			defaultConfigurationName = Release;
		};
		BF31D4791FD562620049F4B1 /* Build configuration list for PBXNativeTarget "Washington Place Experience" */ = {
			isa = XCConfigurationList;
			buildConfigurations = (
				BF31D47A1FD562620049F4B1 /* Debug */,
				BF31D47B1FD562620049F4B1 /* Release */,
			);
			defaultConfigurationIsVisible = 0;
			defaultConfigurationName = Release;
		};
		BF31D47C1FD562620049F4B1 /* Build configuration list for PBXNativeTarget "Washington Place ExperienceTests" */ = {
			isa = XCConfigurationList;
			buildConfigurations = (
				BF31D47D1FD562620049F4B1 /* Debug */,
				BF31D47E1FD562620049F4B1 /* Release */,
			);
			defaultConfigurationIsVisible = 0;
			defaultConfigurationName = Release;
		};
		BF31D47F1FD562620049F4B1 /* Build configuration list for PBXNativeTarget "Washington Place ExperienceUITests" */ = {
			isa = XCConfigurationList;
			buildConfigurations = (
				BF31D4801FD562620049F4B1 /* Debug */,
				BF31D4811FD562620049F4B1 /* Release */,
			);
			defaultConfigurationIsVisible = 0;
			defaultConfigurationName = Release;
		};
/* End XCConfigurationList section */
	};
	rootObject = BF31D4491FD562620049F4B1 /* Project object */;
}
